
Microsoft Visual Studio Solution File, Format Version 12.00
# Visual Studio Version 17
VisualStudioVersion = 17.8.34316.72
MinimumVisualStudioVersion = 10.0.40219.1
Project("{FAE04EC0-301F-11D3-BF4B-00C04F79EFBC}") = "RabotaTukRabotaTam", "RabotaTukRabotaTam\RabotaTukRabotaTam.csproj", "{1589E06D-AD4F-44D8-B8AF-D718DDA9763D}"
EndProject
Global
	GlobalSection(SolutionConfigurationPlatforms) = preSolution
		Debug|Any CPU = Debug|Any CPU
		Release|Any CPU = Release|Any CPU
	EndGlobalSection
	GlobalSection(ProjectConfigurationPlatforms) = postSolution
		{1589E06D-AD4F-44D8-B8AF-D718DDA9763D}.Debug|Any CPU.ActiveCfg = Debug|Any CPU
		{1589E06D-AD4F-44D8-B8AF-D718DDA9763D}.Debug|Any CPU.Build.0 = Debug|Any CPU
		{1589E06D-AD4F-44D8-B8AF-D718DDA9763D}.Release|Any CPU.ActiveCfg = Release|Any CPU
		{1589E06D-AD4F-44D8-B8AF-D718DDA9763D}.Release|Any CPU.Build.0 = Release|Any CPU
	EndGlobalSection
	GlobalSection(SolutionProperties) = preSolution
		HideSolutionNode = FALSE
	EndGlobalSection
	GlobalSection(ExtensibilityGlobals) = postSolution
		SolutionGuid = {F6D135D9-6A91-42A6-A2DB-E0AA3C65FF09}
	EndGlobalSection
EndGlobal
